
Microsoft Visual Studio Solution File, Format Version 12.00
# Visual Studio Version 17
VisualStudioVersion = 17.0.31903.59
MinimumVisualStudioVersion = 10.0.40219.1
Project("{FAE04EC0-301F-11D3-BF4B-00C04F79EFBC}") = "ConsoleApp1", "ConsoleApp1\ConsoleApp1.csproj", "{0C8C3D48-6B73-4229-9B84-87C53BDA8070}"
EndProject
Project("{FAE04EC0-301F-11D3-BF4B-00C04F79EFBC}") = "l01_package_internal", "l01_package_internal\l01_package_internal.csproj", "{04E44161-31F1-402F-B4B7-C8B69B6C9714}"
EndProject
Project("{FAE04EC0-301F-11D3-BF4B-00C04F79EFBC}") = "l02_method", "l02_method\l02_method.csproj", "{E4FCE79C-F638-4CB7-845E-1E1E71A6E57B}"
EndProject
Project("{FAE04EC0-301F-11D3-BF4B-00C04F79EFBC}") = "l01_package", "l01_package\l01_package.csproj", "{0E505524-21BD-4417-B277-9E02D7393EA0}"
EndProject
Global
	GlobalSection(SolutionConfigurationPlatforms) = preSolution
		Debug|Any CPU = Debug|Any CPU
		Debug|x64 = Debug|x64
		Debug|x86 = Debug|x86
		Release|Any CPU = Release|Any CPU
		Release|x64 = Release|x64
		Release|x86 = Release|x86
	EndGlobalSection
	GlobalSection(ProjectConfigurationPlatforms) = postSolution
		{0C8C3D48-6B73-4229-9B84-87C53BDA8070}.Debug|Any CPU.ActiveCfg = Debug|Any CPU
		{0C8C3D48-6B73-4229-9B84-87C53BDA8070}.Debug|Any CPU.Build.0 = Debug|Any CPU
		{0C8C3D48-6B73-4229-9B84-87C53BDA8070}.Debug|x64.ActiveCfg = Debug|Any CPU
		{0C8C3D48-6B73-4229-9B84-87C53BDA8070}.Debug|x64.Build.0 = Debug|Any CPU
		{0C8C3D48-6B73-4229-9B84-87C53BDA8070}.Debug|x86.ActiveCfg = Debug|Any CPU
		{0C8C3D48-6B73-4229-9B84-87C53BDA8070}.Debug|x86.Build.0 = Debug|Any CPU
		{0C8C3D48-6B73-4229-9B84-87C53BDA8070}.Release|Any CPU.ActiveCfg = Release|Any CPU
		{0C8C3D48-6B73-4229-9B84-87C53BDA8070}.Release|Any CPU.Build.0 = Release|Any CPU
		{0C8C3D48-6B73-4229-9B84-87C53BDA8070}.Release|x64.ActiveCfg = Release|Any CPU
		{0C8C3D48-6B73-4229-9B84-87C53BDA8070}.Release|x64.Build.0 = Release|Any CPU
		{0C8C3D48-6B73-4229-9B84-87C53BDA8070}.Release|x86.ActiveCfg = Release|Any CPU
		{0C8C3D48-6B73-4229-9B84-87C53BDA8070}.Release|x86.Build.0 = Release|Any CPU
		{04E44161-31F1-402F-B4B7-C8B69B6C9714}.Debug|Any CPU.ActiveCfg = Debug|Any CPU
		{04E44161-31F1-402F-B4B7-C8B69B6C9714}.Debug|Any CPU.Build.0 = Debug|Any CPU
		{04E44161-31F1-402F-B4B7-C8B69B6C9714}.Debug|x64.ActiveCfg = Debug|Any CPU
		{04E44161-31F1-402F-B4B7-C8B69B6C9714}.Debug|x64.Build.0 = Debug|Any CPU
		{04E44161-31F1-402F-B4B7-C8B69B6C9714}.Debug|x86.ActiveCfg = Debug|Any CPU
		{04E44161-31F1-402F-B4B7-C8B69B6C9714}.Debug|x86.Build.0 = Debug|Any CPU
		{04E44161-31F1-402F-B4B7-C8B69B6C9714}.Release|Any CPU.ActiveCfg = Release|Any CPU
		{04E44161-31F1-402F-B4B7-C8B69B6C9714}.Release|Any CPU.Build.0 = Release|Any CPU
		{04E44161-31F1-402F-B4B7-C8B69B6C9714}.Release|x64.ActiveCfg = Release|Any CPU
		{04E44161-31F1-402F-B4B7-C8B69B6C9714}.Release|x64.Build.0 = Release|Any CPU
		{04E44161-31F1-402F-B4B7-C8B69B6C9714}.Release|x86.ActiveCfg = Release|Any CPU
		{04E44161-31F1-402F-B4B7-C8B69B6C9714}.Release|x86.Build.0 = Release|Any CPU
		{E4FCE79C-F638-4CB7-845E-1E1E71A6E57B}.Debug|Any CPU.ActiveCfg = Debug|Any CPU
		{E4FCE79C-F638-4CB7-845E-1E1E71A6E57B}.Debug|Any CPU.Build.0 = Debug|Any CPU
		{E4FCE79C-F638-4CB7-845E-1E1E71A6E57B}.Debug|x64.ActiveCfg = Debug|Any CPU
		{E4FCE79C-F638-4CB7-845E-1E1E71A6E57B}.Debug|x64.Build.0 = Debug|Any CPU
		{E4FCE79C-F638-4CB7-845E-1E1E71A6E57B}.Debug|x86.ActiveCfg = Debug|Any CPU
		{E4FCE79C-F638-4CB7-845E-1E1E71A6E57B}.Debug|x86.Build.0 = Debug|Any CPU
		{E4FCE79C-F638-4CB7-845E-1E1E71A6E57B}.Release|Any CPU.ActiveCfg = Release|Any CPU
		{E4FCE79C-F638-4CB7-845E-1E1E71A6E57B}.Release|Any CPU.Build.0 = Release|Any CPU
		{E4FCE79C-F638-4CB7-845E-1E1E71A6E57B}.Release|x64.ActiveCfg = Release|Any CPU
		{E4FCE79C-F638-4CB7-845E-1E1E71A6E57B}.Release|x64.Build.0 = Release|Any CPU
		{E4FCE79C-F638-4CB7-845E-1E1E71A6E57B}.Release|x86.ActiveCfg = Release|Any CPU
		{E4FCE79C-F638-4CB7-845E-1E1E71A6E57B}.Release|x86.Build.0 = Release|Any CPU
		{0E505524-21BD-4417-B277-9E02D7393EA0}.Debug|Any CPU.ActiveCfg = Debug|Any CPU
		{0E505524-21BD-4417-B277-9E02D7393EA0}.Debug|Any CPU.Build.0 = Debug|Any CPU
		{0E505524-21BD-4417-B277-9E02D7393EA0}.Debug|x64.ActiveCfg = Debug|Any CPU
		{0E505524-21BD-4417-B277-9E02D7393EA0}.Debug|x64.Build.0 = Debug|Any CPU
		{0E505524-21BD-4417-B277-9E02D7393EA0}.Debug|x86.ActiveCfg = Debug|Any CPU
		{0E505524-21BD-4417-B277-9E02D7393EA0}.Debug|x86.Build.0 = Debug|Any CPU
		{0E505524-21BD-4417-B277-9E02D7393EA0}.Release|Any CPU.ActiveCfg = Release|Any CPU
		{0E505524-21BD-4417-B277-9E02D7393EA0}.Release|Any CPU.Build.0 = Release|Any CPU
		{0E505524-21BD-4417-B277-9E02D7393EA0}.Release|x64.ActiveCfg = Release|Any CPU
		{0E505524-21BD-4417-B277-9E02D7393EA0}.Release|x64.Build.0 = Release|Any CPU
		{0E505524-21BD-4417-B277-9E02D7393EA0}.Release|x86.ActiveCfg = Release|Any CPU
		{0E505524-21BD-4417-B277-9E02D7393EA0}.Release|x86.Build.0 = Release|Any CPU
	EndGlobalSection
	GlobalSection(SolutionProperties) = preSolution
		HideSolutionNode = FALSE
	EndGlobalSection
EndGlobal
